// !$*UTF8*$!
{
	archiveVersion = 1;
	classes = {
	};
	objectVersion = 55;
	objects = {

/* Begin PBXBuildFile section */
		A2219C272880475F00F405C5 /* NotasWatchApp WatchKit App.app in Embed Watch Content */ = {isa = PBXBuildFile; fileRef = A2219C262880475F00F405C5 /* NotasWatchApp WatchKit App.app */; settings = {ATTRIBUTES = (RemoveHeadersOnCopy, ); }; };
		A2219C2C2880476200F405C5 /* Assets.xcassets in Resources */ = {isa = PBXBuildFile; fileRef = A2219C2B2880476200F405C5 /* Assets.xcassets */; };
		A2219C322880476200F405C5 /* NotasWatchApp WatchKit Extension.appex in Embed App Extensions */ = {isa = PBXBuildFile; fileRef = A2219C312880476200F405C5 /* NotasWatchApp WatchKit Extension.appex */; settings = {ATTRIBUTES = (RemoveHeadersOnCopy, ); }; };
		A2219C372880476200F405C5 /* ContentView.swift in Sources */ = {isa = PBXBuildFile; fileRef = A2219C362880476200F405C5 /* ContentView.swift */; };
		A2219C392880476200F405C5 /* NotasWatchAppApp.swift in Sources */ = {isa = PBXBuildFile; fileRef = A2219C382880476200F405C5 /* NotasWatchAppApp.swift */; };
		A2219C3B2880476200F405C5 /* ComplicationController.swift in Sources */ = {isa = PBXBuildFile; fileRef = A2219C3A2880476200F405C5 /* ComplicationController.swift */; };
		A2219C3D2880476300F405C5 /* Assets.xcassets in Resources */ = {isa = PBXBuildFile; fileRef = A2219C3C2880476300F405C5 /* Assets.xcassets */; };
		A2219C402880476300F405C5 /* Preview Assets.xcassets in Resources */ = {isa = PBXBuildFile; fileRef = A2219C3F2880476300F405C5 /* Preview Assets.xcassets */; };
/* End PBXBuildFile section */

/* Begin PBXContainerItemProxy section */
		A2219C282880475F00F405C5 /* PBXContainerItemProxy */ = {
			isa = PBXContainerItemProxy;
			containerPortal = A2219C1C2880475F00F405C5 /* Project object */;
			proxyType = 1;
			remoteGlobalIDString = A2219C252880475F00F405C5;
			remoteInfo = "NotasWatchApp WatchKit App";
		};
		A2219C332880476200F405C5 /* PBXContainerItemProxy */ = {
			isa = PBXContainerItemProxy;
			containerPortal = A2219C1C2880475F00F405C5 /* Project object */;
			proxyType = 1;
			remoteGlobalIDString = A2219C302880476200F405C5;
			remoteInfo = "NotasWatchApp WatchKit Extension";
		};
/* End PBXContainerItemProxy section */

/* Begin PBXCopyFilesBuildPhase section */
		A2219C472880476300F405C5 /* Embed App Extensions */ = {
			isa = PBXCopyFilesBuildPhase;
			buildActionMask = 2147483647;
			dstPath = "";
			dstSubfolderSpec = 13;
			files = (
				A2219C322880476200F405C5 /* NotasWatchApp WatchKit Extension.appex in Embed App Extensions */,
			);
			name = "Embed App Extensions";
			runOnlyForDeploymentPostprocessing = 0;
		};
		A2219C4B2880476300F405C5 /* Embed Watch Content */ = {
			isa = PBXCopyFilesBuildPhase;
			buildActionMask = 2147483647;
			dstPath = "$(CONTENTS_FOLDER_PATH)/Watch";
			dstSubfolderSpec = 16;
			files = (
				A2219C272880475F00F405C5 /* NotasWatchApp WatchKit App.app in Embed Watch Content */,
			);
			name = "Embed Watch Content";
			runOnlyForDeploymentPostprocessing = 0;
		};
/* End PBXCopyFilesBuildPhase section */

/* Begin PBXFileReference section */
		A2219C222880475F00F405C5 /* NotasWatchApp.app */ = {isa = PBXFileReference; explicitFileType = wrapper.application; includeInIndex = 0; path = NotasWatchApp.app; sourceTree = BUILT_PRODUCTS_DIR; };
		A2219C262880475F00F405C5 /* NotasWatchApp WatchKit App.app */ = {isa = PBXFileReference; explicitFileType = wrapper.application; includeInIndex = 0; path = "NotasWatchApp WatchKit App.app"; sourceTree = BUILT_PRODUCTS_DIR; };
		A2219C2B2880476200F405C5 /* Assets.xcassets */ = {isa = PBXFileReference; lastKnownFileType = folder.assetcatalog; path = Assets.xcassets; sourceTree = "<group>"; };
		A2219C312880476200F405C5 /* NotasWatchApp WatchKit Extension.appex */ = {isa = PBXFileReference; explicitFileType = "wrapper.app-extension"; includeInIndex = 0; path = "NotasWatchApp WatchKit Extension.appex"; sourceTree = BUILT_PRODUCTS_DIR; };
		A2219C362880476200F405C5 /* ContentView.swift */ = {isa = PBXFileReference; lastKnownFileType = sourcecode.swift; path = ContentView.swift; sourceTree = "<group>"; };
		A2219C382880476200F405C5 /* NotasWatchAppApp.swift */ = {isa = PBXFileReference; lastKnownFileType = sourcecode.swift; path = NotasWatchAppApp.swift; sourceTree = "<group>"; };
		A2219C3A2880476200F405C5 /* ComplicationController.swift */ = {isa = PBXFileReference; lastKnownFileType = sourcecode.swift; path = ComplicationController.swift; sourceTree = "<group>"; };
		A2219C3C2880476300F405C5 /* Assets.xcassets */ = {isa = PBXFileReference; lastKnownFileType = folder.assetcatalog; path = Assets.xcassets; sourceTree = "<group>"; };
		A2219C3F2880476300F405C5 /* Preview Assets.xcassets */ = {isa = PBXFileReference; lastKnownFileType = folder.assetcatalog; path = "Preview Assets.xcassets"; sourceTree = "<group>"; };
		A2219C412880476300F405C5 /* Info.plist */ = {isa = PBXFileReference; lastKnownFileType = text.plist.xml; path = Info.plist; sourceTree = "<group>"; };
/* End PBXFileReference section */

/* Begin PBXFrameworksBuildPhase section */
		A2219C2E2880476200F405C5 /* Frameworks */ = {
			isa = PBXFrameworksBuildPhase;
			buildActionMask = 2147483647;
			files = (
			);
			runOnlyForDeploymentPostprocessing = 0;
		};
/* End PBXFrameworksBuildPhase section */

/* Begin PBXGroup section */
		A2219C1B2880475F00F405C5 = {
			isa = PBXGroup;
			children = (
				A2219C2A2880475F00F405C5 /* NotasWatchApp WatchKit App */,
				A2219C352880476200F405C5 /* NotasWatchApp WatchKit Extension */,
				A2219C232880475F00F405C5 /* Products */,
			);
			sourceTree = "<group>";
		};
		A2219C232880475F00F405C5 /* Products */ = {
			isa = PBXGroup;
			children = (
				A2219C222880475F00F405C5 /* NotasWatchApp.app */,
				A2219C262880475F00F405C5 /* NotasWatchApp WatchKit App.app */,
				A2219C312880476200F405C5 /* NotasWatchApp WatchKit Extension.appex */,
			);
			name = Products;
			sourceTree = "<group>";
		};
		A2219C2A2880475F00F405C5 /* NotasWatchApp WatchKit App */ = {
			isa = PBXGroup;
			children = (
				A2219C2B2880476200F405C5 /* Assets.xcassets */,
			);
			path = "NotasWatchApp WatchKit App";
			sourceTree = "<group>";
		};
		A2219C352880476200F405C5 /* NotasWatchApp WatchKit Extension */ = {
			isa = PBXGroup;
			children = (
				A2219C362880476200F405C5 /* ContentView.swift */,
				A2219C382880476200F405C5 /* NotasWatchAppApp.swift */,
				A2219C3A2880476200F405C5 /* ComplicationController.swift */,
				A2219C3C2880476300F405C5 /* Assets.xcassets */,
				A2219C412880476300F405C5 /* Info.plist */,
				A2219C3E2880476300F405C5 /* Preview Content */,
			);
			path = "NotasWatchApp WatchKit Extension";
			sourceTree = "<group>";
		};
		A2219C3E2880476300F405C5 /* Preview Content */ = {
			isa = PBXGroup;
			children = (
				A2219C3F2880476300F405C5 /* Preview Assets.xcassets */,
			);
			path = "Preview Content";
			sourceTree = "<group>";
		};
/* End PBXGroup section */

/* Begin PBXNativeTarget section */
		A2219C212880475F00F405C5 /* NotasWatchApp */ = {
			isa = PBXNativeTarget;
			buildConfigurationList = A2219C4C2880476300F405C5 /* Build configuration list for PBXNativeTarget "NotasWatchApp" */;
			buildPhases = (
				A2219C202880475F00F405C5 /* Resources */,
				A2219C4B2880476300F405C5 /* Embed Watch Content */,
			);
			buildRules = (
			);
			dependencies = (
				A2219C292880475F00F405C5 /* PBXTargetDependency */,
			);
			name = NotasWatchApp;
			productName = NotasWatchApp;
			productReference = A2219C222880475F00F405C5 /* NotasWatchApp.app */;
			productType = "com.apple.product-type.application.watchapp2-container";
		};
		A2219C252880475F00F405C5 /* NotasWatchApp WatchKit App */ = {
			isa = PBXNativeTarget;
			buildConfigurationList = A2219C482880476300F405C5 /* Build configuration list for PBXNativeTarget "NotasWatchApp WatchKit App" */;
			buildPhases = (
				A2219C242880475F00F405C5 /* Resources */,
				A2219C472880476300F405C5 /* Embed App Extensions */,
			);
			buildRules = (
			);
			dependencies = (
				A2219C342880476200F405C5 /* PBXTargetDependency */,
			);
			name = "NotasWatchApp WatchKit App";
			productName = "NotasWatchApp WatchKit App";
			productReference = A2219C262880475F00F405C5 /* NotasWatchApp WatchKit App.app */;
			productType = "com.apple.product-type.application.watchapp2";
		};
		A2219C302880476200F405C5 /* NotasWatchApp WatchKit Extension */ = {
			isa = PBXNativeTarget;
			buildConfigurationList = A2219C442880476300F405C5 /* Build configuration list for PBXNativeTarget "NotasWatchApp WatchKit Extension" */;
			buildPhases = (
				A2219C2D2880476200F405C5 /* Sources */,
				A2219C2E2880476200F405C5 /* Frameworks */,
				A2219C2F2880476200F405C5 /* Resources */,
			);
			buildRules = (
			);
			dependencies = (
			);
			name = "NotasWatchApp WatchKit Extension";
			productName = "NotasWatchApp WatchKit Extension";
			productReference = A2219C312880476200F405C5 /* NotasWatchApp WatchKit Extension.appex */;
			productType = "com.apple.product-type.watchkit2-extension";
		};
/* End PBXNativeTarget section */

/* Begin PBXProject section */
		A2219C1C2880475F00F405C5 /* Project object */ = {
			isa = PBXProject;
			attributes = {
				BuildIndependentTargetsInParallel = 1;
				LastSwiftUpdateCheck = 1340;
				LastUpgradeCheck = 1340;
				TargetAttributes = {
					A2219C212880475F00F405C5 = {
						CreatedOnToolsVersion = 13.4.1;
					};
					A2219C252880475F00F405C5 = {
						CreatedOnToolsVersion = 13.4.1;
					};
					A2219C302880476200F405C5 = {
						CreatedOnToolsVersion = 13.4.1;
					};
				};
			};
			buildConfigurationList = A2219C1F2880475F00F405C5 /* Build configuration list for PBXProject "NotasWatchApp" */;
			compatibilityVersion = "Xcode 13.0";
			developmentRegion = en;
			hasScannedForEncodings = 0;
			knownRegions = (
				en,
				Base,
			);
			mainGroup = A2219C1B2880475F00F405C5;
			productRefGroup = A2219C232880475F00F405C5 /* Products */;
			projectDirPath = "";
			projectRoot = "";
			targets = (
				A2219C212880475F00F405C5 /* NotasWatchApp */,
				A2219C252880475F00F405C5 /* NotasWatchApp WatchKit App */,
				A2219C302880476200F405C5 /* NotasWatchApp WatchKit Extension */,
			);
		};
/* End PBXProject section */

/* Begin PBXResourcesBuildPhase section */
		A2219C202880475F00F405C5 /* Resources */ = {
			isa = PBXResourcesBuildPhase;
			buildActionMask = 2147483647;
			files = (
			);
			runOnlyForDeploymentPostprocessing = 0;
		};
		A2219C242880475F00F405C5 /* Resources */ = {
			isa = PBXResourcesBuildPhase;
			buildActionMask = 2147483647;
			files = (
				A2219C2C2880476200F405C5 /* Assets.xcassets in Resources */,
			);
			runOnlyForDeploymentPostprocessing = 0;
		};
		A2219C2F2880476200F405C5 /* Resources */ = {
			isa = PBXResourcesBuildPhase;
			buildActionMask = 2147483647;
			files = (
				A2219C402880476300F405C5 /* Preview Assets.xcassets in Resources */,
				A2219C3D2880476300F405C5 /* Assets.xcassets in Resources */,
			);
			runOnlyForDeploymentPostprocessing = 0;
		};
/* End PBXResourcesBuildPhase section */

/* Begin PBXSourcesBuildPhase section */
		A2219C2D2880476200F405C5 /* Sources */ = {
			isa = PBXSourcesBuildPhase;
			buildActionMask = 2147483647;
			files = (
				A2219C372880476200F405C5 /* ContentView.swift in Sources */,
				A2219C392880476200F405C5 /* NotasWatchAppApp.swift in Sources */,
				A2219C3B2880476200F405C5 /* ComplicationController.swift in Sources */,
			);
			runOnlyForDeploymentPostprocessing = 0;
		};
/* End PBXSourcesBuildPhase section */

/* Begin PBXTargetDependency section */
		A2219C292880475F00F405C5 /* PBXTargetDependency */ = {
			isa = PBXTargetDependency;
			target = A2219C252880475F00F405C5 /* NotasWatchApp WatchKit App */;
			targetProxy = A2219C282880475F00F405C5 /* PBXContainerItemProxy */;
		};
		A2219C342880476200F405C5 /* PBXTargetDependency */ = {
			isa = PBXTargetDependency;
			target = A2219C302880476200F405C5 /* NotasWatchApp WatchKit Extension */;
			targetProxy = A2219C332880476200F405C5 /* PBXContainerItemProxy */;
		};
/* End PBXTargetDependency section */

/* Begin XCBuildConfiguration section */
		A2219C422880476300F405C5 /* Debug */ = {
			isa = XCBuildConfiguration;
			buildSettings = {
				ALWAYS_SEARCH_USER_PATHS = NO;
				CLANG_ANALYZER_NONNULL = YES;
				CLANG_ANALYZER_NUMBER_OBJECT_CONVERSION = YES_AGGRESSIVE;
				CLANG_CXX_LANGUAGE_STANDARD = "gnu++17";
				CLANG_ENABLE_MODULES = YES;
				CLANG_ENABLE_OBJC_ARC = YES;
				CLANG_ENABLE_OBJC_WEAK = YES;
				CLANG_WARN_BLOCK_CAPTURE_AUTORELEASING = YES;
				CLANG_WARN_BOOL_CONVERSION = YES;
				CLANG_WARN_COMMA = YES;
				CLANG_WARN_CONSTANT_CONVERSION = YES;
				CLANG_WARN_DEPRECATED_OBJC_IMPLEMENTATIONS = YES;
				CLANG_WARN_DIRECT_OBJC_ISA_USAGE = YES_ERROR;
				CLANG_WARN_DOCUMENTATION_COMMENTS = YES;
				CLANG_WARN_EMPTY_BODY = YES;
				CLANG_WARN_ENUM_CONVERSION = YES;
				CLANG_WARN_INFINITE_RECURSION = YES;
				CLANG_WARN_INT_CONVERSION = YES;
				CLANG_WARN_NON_LITERAL_NULL_CONVERSION = YES;
				CLANG_WARN_OBJC_IMPLICIT_RETAIN_SELF = YES;
				CLANG_WARN_OBJC_LITERAL_CONVERSION = YES;
				CLANG_WARN_OBJC_ROOT_CLASS = YES_ERROR;
				CLANG_WARN_QUOTED_INCLUDE_IN_FRAMEWORK_HEADER = YES;
				CLANG_WARN_RANGE_LOOP_ANALYSIS = YES;
				CLANG_WARN_STRICT_PROTOTYPES = YES;
				CLANG_WARN_SUSPICIOUS_MOVE = YES;
				CLANG_WARN_UNGUARDED_AVAILABILITY = YES_AGGRESSIVE;
				CLANG_WARN_UNREACHABLE_CODE = YES;
				CLANG_WARN__DUPLICATE_METHOD_MATCH = YES;
				COPY_PHASE_STRIP = NO;
				DEBUG_INFORMATION_FORMAT = dwarf;
				ENABLE_STRICT_OBJC_MSGSEND = YES;
				ENABLE_TESTABILITY = YES;
				GCC_C_LANGUAGE_STANDARD = gnu11;
				GCC_DYNAMIC_NO_PIC = NO;
				GCC_NO_COMMON_BLOCKS = YES;
				GCC_OPTIMIZATION_LEVEL = 0;
				GCC_PREPROCESSOR_DEFINITIONS = (
					"DEBUG=1",
					"$(inherited)",
				);
				GCC_WARN_64_TO_32_BIT_CONVERSION = YES;
				GCC_WARN_ABOUT_RETURN_TYPE = YES_ERROR;
				GCC_WARN_UNDECLARED_SELECTOR = YES;
				GCC_WARN_UNINITIALIZED_AUTOS = YES_AGGRESSIVE;
				GCC_WARN_UNUSED_FUNCTION = YES;
				GCC_WARN_UNUSED_VARIABLE = YES;
				MTL_ENABLE_DEBUG_INFO = INCLUDE_SOURCE;
				MTL_FAST_MATH = YES;
				ONLY_ACTIVE_ARCH = YES;
				SDKROOT = iphoneos;
				SWIFT_ACTIVE_COMPILATION_CONDITIONS = DEBUG;
				SWIFT_OPTIMIZATION_LEVEL = "-Onone";
			};
			name = Debug;
		};
		A2219C432880476300F405C5 /* Release */ = {
			isa = XCBuildConfiguration;
			buildSettings = {
				ALWAYS_SEARCH_USER_PATHS = NO;
				CLANG_ANALYZER_NONNULL = YES;
				CLANG_ANALYZER_NUMBER_OBJECT_CONVERSION = YES_AGGRESSIVE;
				CLANG_CXX_LANGUAGE_STANDARD = "gnu++17";
				CLANG_ENABLE_MODULES = YES;
				CLANG_ENABLE_OBJC_ARC = YES;
				CLANG_ENABLE_OBJC_WEAK = YES;
				CLANG_WARN_BLOCK_CAPTURE_AUTORELEASING = YES;
				CLANG_WARN_BOOL_CONVERSION = YES;
				CLANG_WARN_COMMA = YES;
				CLANG_WARN_CONSTANT_CONVERSION = YES;
				CLANG_WARN_DEPRECATED_OBJC_IMPLEMENTATIONS = YES;
				CLANG_WARN_DIRECT_OBJC_ISA_USAGE = YES_ERROR;
				CLANG_WARN_DOCUMENTATION_COMMENTS = YES;
				CLANG_WARN_EMPTY_BODY = YES;
				CLANG_WARN_ENUM_CONVERSION = YES;
				CLANG_WARN_INFINITE_RECURSION = YES;
				CLANG_WARN_INT_CONVERSION = YES;
				CLANG_WARN_NON_LITERAL_NULL_CONVERSION = YES;
				CLANG_WARN_OBJC_IMPLICIT_RETAIN_SELF = YES;
				CLANG_WARN_OBJC_LITERAL_CONVERSION = YES;
				CLANG_WARN_OBJC_ROOT_CLASS = YES_ERROR;
				CLANG_WARN_QUOTED_INCLUDE_IN_FRAMEWORK_HEADER = YES;
				CLANG_WARN_RANGE_LOOP_ANALYSIS = YES;
				CLANG_WARN_STRICT_PROTOTYPES = YES;
				CLANG_WARN_SUSPICIOUS_MOVE = YES;
				CLANG_WARN_UNGUARDED_AVAILABILITY = YES_AGGRESSIVE;
				CLANG_WARN_UNREACHABLE_CODE = YES;
				CLANG_WARN__DUPLICATE_METHOD_MATCH = YES;
				COPY_PHASE_STRIP = NO;
				DEBUG_INFORMATION_FORMAT = "dwarf-with-dsym";
				ENABLE_NS_ASSERTIONS = NO;
				ENABLE_STRICT_OBJC_MSGSEND = YES;
				GCC_C_LANGUAGE_STANDARD = gnu11;
				GCC_NO_COMMON_BLOCKS = YES;
				GCC_WARN_64_TO_32_BIT_CONVERSION = YES;
				GCC_WARN_ABOUT_RETURN_TYPE = YES_ERROR;
				GCC_WARN_UNDECLARED_SELECTOR = YES;
				GCC_WARN_UNINITIALIZED_AUTOS = YES_AGGRESSIVE;
				GCC_WARN_UNUSED_FUNCTION = YES;
				GCC_WARN_UNUSED_VARIABLE = YES;
				MTL_ENABLE_DEBUG_INFO = NO;
				MTL_FAST_MATH = YES;
				SDKROOT = iphoneos;
				SWIFT_COMPILATION_MODE = wholemodule;
				SWIFT_OPTIMIZATION_LEVEL = "-O";
				VALIDATE_PRODUCT = YES;
			};
			name = Release;
		};
		A2219C452880476300F405C5 /* Debug */ = {
			isa = XCBuildConfiguration;
			buildSettings = {
				ASSETCATALOG_COMPILER_COMPLICATION_NAME = Complication;
				CODE_SIGN_STYLE = Automatic;
				CURRENT_PROJECT_VERSION = 1;
				DEVELOPMENT_ASSET_PATHS = "\"NotasWatchApp WatchKit Extension/Preview Content\"";
				DEVELOPMENT_TEAM = JF8YMLL29G;
				ENABLE_PREVIEWS = YES;
				GENERATE_INFOPLIST_FILE = YES;
				INFOPLIST_FILE = "NotasWatchApp WatchKit Extension/Info.plist";
				INFOPLIST_KEY_CFBundleDisplayName = "NotasWatchApp WatchKit Extension";
				INFOPLIST_KEY_CLKComplicationPrincipalClass = "$(PRODUCT_MODULE_NAME).ComplicationController";
				INFOPLIST_KEY_NSHumanReadableCopyright = "";
				INFOPLIST_KEY_WKWatchOnly = YES;
				LD_RUNPATH_SEARCH_PATHS = (
					"$(inherited)",
					"@executable_path/Frameworks",
					"@executable_path/../../Frameworks",
				);
				MARKETING_VERSION = 1.0;
				PRODUCT_BUNDLE_IDENTIFIER = "com.karen-cofre.NotasWatchApp.watchkitapp.watchkitextension";
				PRODUCT_NAME = "${TARGET_NAME}";
				SDKROOT = watchos;
				SKIP_INSTALL = YES;
				SWIFT_EMIT_LOC_STRINGS = YES;
				SWIFT_VERSION = 5.0;
				TARGETED_DEVICE_FAMILY = 4;
				WATCHOS_DEPLOYMENT_TARGET = 8.5;
			};
			name = Debug;
		};
		A2219C462880476300F405C5 /* Release */ = {
			isa = XCBuildConfiguration;
			buildSettings = {
				ASSETCATALOG_COMPILER_COMPLICATION_NAME = Complication;
				CODE_SIGN_STYLE = Automatic;
				CURRENT_PROJECT_VERSION = 1;
				DEVELOPMENT_ASSET_PATHS = "\"NotasWatchApp WatchKit Extension/Preview Content\"";
				DEVELOPMENT_TEAM = JF8YMLL29G;
				ENABLE_PREVIEWS = YES;
				GENERATE_INFOPLIST_FILE = YES;
				INFOPLIST_FILE = "NotasWatchApp WatchKit Extension/Info.plist";
				INFOPLIST_KEY_CFBundleDisplayName = "NotasWatchApp WatchKit Extension";
				INFOPLIST_KEY_CLKComplicationPrincipalClass = "$(PRODUCT_MODULE_NAME).ComplicationController";
				INFOPLIST_KEY_NSHumanReadableCopyright = "";
				INFOPLIST_KEY_WKWatchOnly = YES;
				LD_RUNPATH_SEARCH_PATHS = (
					"$(inherited)",
					"@executable_path/Frameworks",
					"@executable_path/../../Frameworks",
				);
				MARKETING_VERSION = 1.0;
				PRODUCT_BUNDLE_IDENTIFIER = "com.karen-cofre.NotasWatchApp.watchkitapp.watchkitextension";
				PRODUCT_NAME = "${TARGET_NAME}";
				SDKROOT = watchos;
				SKIP_INSTALL = YES;
				SWIFT_EMIT_LOC_STRINGS = YES;
				SWIFT_VERSION = 5.0;
				TARGETED_DEVICE_FAMILY = 4;
				WATCHOS_DEPLOYMENT_TARGET = 8.5;
			};
			name = Release;
		};
		A2219C492880476300F405C5 /* Debug */ = {
			isa = XCBuildConfiguration;
			buildSettings = {
				ALWAYS_EMBED_SWIFT_STANDARD_LIBRARIES = YES;
				ASSETCATALOG_COMPILER_APPICON_NAME = AppIcon;
				ASSETCATALOG_COMPILER_GLOBAL_ACCENT_COLOR_NAME = AccentColor;
				CODE_SIGN_STYLE = Automatic;
				CURRENT_PROJECT_VERSION = 1;
				DEVELOPMENT_TEAM = JF8YMLL29G;
				GENERATE_INFOPLIST_FILE = YES;
				IBSC_MODULE = NotasWatchApp_WatchKit_Extension;
				INFOPLIST_KEY_CFBundleDisplayName = "NotasWatchApp WatchKit App";
				INFOPLIST_KEY_UISupportedInterfaceOrientations = "UIInterfaceOrientationPortrait UIInterfaceOrientationPortraitUpsideDown";
				MARKETING_VERSION = 1.0;
				PRODUCT_BUNDLE_IDENTIFIER = "com.karen-cofre.NotasWatchApp.watchkitapp";
				PRODUCT_NAME = "$(TARGET_NAME)";
				SDKROOT = watchos;
				SKIP_INSTALL = YES;
				SWIFT_EMIT_LOC_STRINGS = YES;
				SWIFT_VERSION = 5.0;
				TARGETED_DEVICE_FAMILY = 4;
				WATCHOS_DEPLOYMENT_TARGET = 8.5;
			};
			name = Debug;
		};
		A2219C4A2880476300F405C5 /* Release */ = {
			isa = XCBuildConfiguration;
			buildSettings = {
				ALWAYS_EMBED_SWIFT_STANDARD_LIBRARIES = YES;
				ASSETCATALOG_COMPILER_APPICON_NAME = AppIcon;
				ASSETCATALOG_COMPILER_GLOBAL_ACCENT_COLOR_NAME = AccentColor;
				CODE_SIGN_STYLE = Automatic;
				CURRENT_PROJECT_VERSION = 1;
				DEVELOPMENT_TEAM = JF8YMLL29G;
				GENERATE_INFOPLIST_FILE = YES;
				IBSC_MODULE = NotasWatchApp_WatchKit_Extension;
				INFOPLIST_KEY_CFBundleDisplayName = "NotasWatchApp WatchKit App";
				INFOPLIST_KEY_UISupportedInterfaceOrientations = "UIInterfaceOrientationPortrait UIInterfaceOrientationPortraitUpsideDown";
				MARKETING_VERSION = 1.0;
				PRODUCT_BUNDLE_IDENTIFIER = "com.karen-cofre.NotasWatchApp.watchkitapp";
				PRODUCT_NAME = "$(TARGET_NAME)";
				SDKROOT = watchos;
				SKIP_INSTALL = YES;
				SWIFT_EMIT_LOC_STRINGS = YES;
				SWIFT_VERSION = 5.0;
				TARGETED_DEVICE_FAMILY = 4;
				WATCHOS_DEPLOYMENT_TARGET = 8.5;
			};
			name = Release;
		};
		A2219C4D2880476300F405C5 /* Debug */ = {
			isa = XCBuildConfiguration;
			buildSettings = {
				CODE_SIGN_STYLE = Automatic;
				CURRENT_PROJECT_VERSION = 1;
				DEVELOPMENT_TEAM = JF8YMLL29G;
				MARKETING_VERSION = 1.0;
				PRODUCT_BUNDLE_IDENTIFIER = "com.karen-cofre.NotasWatchApp";
				PRODUCT_NAME = "$(TARGET_NAME)";
				SWIFT_VERSION = 5.0;
			};
			name = Debug;
		};
		A2219C4E2880476300F405C5 /* Release */ = {
			isa = XCBuildConfiguration;
			buildSettings = {
				CODE_SIGN_STYLE = Automatic;
				CURRENT_PROJECT_VERSION = 1;
				DEVELOPMENT_TEAM = JF8YMLL29G;
				MARKETING_VERSION = 1.0;
				PRODUCT_BUNDLE_IDENTIFIER = "com.karen-cofre.NotasWatchApp";
				PRODUCT_NAME = "$(TARGET_NAME)";
				SWIFT_VERSION = 5.0;
			};
			name = Release;
		};
/* End XCBuildConfiguration section */

/* Begin XCConfigurationList section */
		A2219C1F2880475F00F405C5 /* Build configuration list for PBXProject "NotasWatchApp" */ = {
			isa = XCConfigurationList;
			buildConfigurations = (
				A2219C422880476300F405C5 /* Debug */,
				A2219C432880476300F405C5 /* Release */,
			);
			defaultConfigurationIsVisible = 0;
			defaultConfigurationName = Release;
		};
		A2219C442880476300F405C5 /* Build configuration list for PBXNativeTarget "NotasWatchApp WatchKit Extension" */ = {
			isa = XCConfigurationList;
			buildConfigurations = (
				A2219C452880476300F405C5 /* Debug */,
				A2219C462880476300F405C5 /* Release */,
			);
			defaultConfigurationIsVisible = 0;
			defaultConfigurationName = Release;
		};
		A2219C482880476300F405C5 /* Build configuration list for PBXNativeTarget "NotasWatchApp WatchKit App" */ = {
			isa = XCConfigurationList;
			buildConfigurations = (
				A2219C492880476300F405C5 /* Debug */,
				A2219C4A2880476300F405C5 /* Release */,
			);
			defaultConfigurationIsVisible = 0;
			defaultConfigurationName = Release;
		};
		A2219C4C2880476300F405C5 /* Build configuration list for PBXNativeTarget "NotasWatchApp" */ = {
			isa = XCConfigurationList;
			buildConfigurations = (
				A2219C4D2880476300F405C5 /* Debug */,
				A2219C4E2880476300F405C5 /* Release */,
			);
			defaultConfigurationIsVisible = 0;
			defaultConfigurationName = Release;
		};
/* End XCConfigurationList section */
	};
	rootObject = A2219C1C2880475F00F405C5 /* Project object */;
}
